// !$*UTF8*$!
{
	archiveVersion = 1;
	classes = {
	};
	objectVersion = 46;
	objects = {

/* Begin PBXBuildFile section */
		DAC30AA414C06BE300B5A9B6 /* DemoViewController.xib in Resources */ = {isa = PBXBuildFile; fileRef = DAC30AA514C06BE300B5A9B6 /* DemoViewController.xib */; };
		DADD3FD314C06DF00040CAB5 /* ABGetMe.m in Sources */ = {isa = PBXBuildFile; fileRef = DADD3FD214C06DF00040CAB5 /* ABGetMe.m */; };
		DADD3FD614C06E6A0040CAB5 /* AddressBook.framework in Frameworks */ = {isa = PBXBuildFile; fileRef = DADD3FD514C06E6A0040CAB5 /* AddressBook.framework */; };
		DADD3FD814C06E850040CAB5 /* MessageUI.framework in Frameworks */ = {isa = PBXBuildFile; fileRef = DADD3FD714C06E850040CAB5 /* MessageUI.framework */; };
		DADD3FDA14C071BD0040CAB5 /* AddressBookUI.framework in Frameworks */ = {isa = PBXBuildFile; fileRef = DADD3FD914C071BD0040CAB5 /* AddressBookUI.framework */; };
		DAE4947814C06A3700BCA6F1 /* UIKit.framework in Frameworks */ = {isa = PBXBuildFile; fileRef = DAE4947714C06A3700BCA6F1 /* UIKit.framework */; };
		DAE4947A14C06A3700BCA6F1 /* Foundation.framework in Frameworks */ = {isa = PBXBuildFile; fileRef = DAE4947914C06A3700BCA6F1 /* Foundation.framework */; };
		DAE4947C14C06A3700BCA6F1 /* CoreGraphics.framework in Frameworks */ = {isa = PBXBuildFile; fileRef = DAE4947B14C06A3700BCA6F1 /* CoreGraphics.framework */; };
		DAE4948114C06A3700BCA6F1 /* main.m in Sources */ = {isa = PBXBuildFile; fileRef = DAE4948014C06A3700BCA6F1 /* main.m */; };
		DAE4948514C06A3700BCA6F1 /* AppDelegate.m in Sources */ = {isa = PBXBuildFile; fileRef = DAE4948414C06A3700BCA6F1 /* AppDelegate.m */; };
		DAE4948814C06A3700BCA6F1 /* DemoViewController.m in Sources */ = {isa = PBXBuildFile; fileRef = DAE4948714C06A3700BCA6F1 /* DemoViewController.m */; };
/* End PBXBuildFile section */

/* Begin PBXFileReference section */
		DAC30AA514C06BE300B5A9B6 /* DemoViewController.xib */ = {isa = PBXFileReference; lastKnownFileType = file.xib; path = DemoViewController.xib; sourceTree = "<group>"; };
		DADD3FD114C06DF00040CAB5 /* ABGetMe.h */ = {isa = PBXFileReference; fileEncoding = 4; lastKnownFileType = sourcecode.c.h; path = ABGetMe.h; sourceTree = "<group>"; };
		DADD3FD214C06DF00040CAB5 /* ABGetMe.m */ = {isa = PBXFileReference; fileEncoding = 4; lastKnownFileType = sourcecode.c.objc; path = ABGetMe.m; sourceTree = "<group>"; };
		DADD3FD514C06E6A0040CAB5 /* AddressBook.framework */ = {isa = PBXFileReference; lastKnownFileType = wrapper.framework; name = AddressBook.framework; path = System/Library/Frameworks/AddressBook.framework; sourceTree = SDKROOT; };
		DADD3FD714C06E850040CAB5 /* MessageUI.framework */ = {isa = PBXFileReference; lastKnownFileType = wrapper.framework; name = MessageUI.framework; path = System/Library/Frameworks/MessageUI.framework; sourceTree = SDKROOT; };
		DADD3FD914C071BD0040CAB5 /* AddressBookUI.framework */ = {isa = PBXFileReference; lastKnownFileType = wrapper.framework; name = AddressBookUI.framework; path = System/Library/Frameworks/AddressBookUI.framework; sourceTree = SDKROOT; };
		DAE4947314C06A3700BCA6F1 /* ABGetMe.app */ = {isa = PBXFileReference; explicitFileType = wrapper.application; includeInIndex = 0; path = ABGetMe.app; sourceTree = BUILT_PRODUCTS_DIR; };
		DAE4947714C06A3700BCA6F1 /* UIKit.framework */ = {isa = PBXFileReference; lastKnownFileType = wrapper.framework; name = UIKit.framework; path = System/Library/Frameworks/UIKit.framework; sourceTree = SDKROOT; };
		DAE4947914C06A3700BCA6F1 /* Foundation.framework */ = {isa = PBXFileReference; lastKnownFileType = wrapper.framework; name = Foundation.framework; path = System/Library/Frameworks/Foundation.framework; sourceTree = SDKROOT; };
		DAE4947B14C06A3700BCA6F1 /* CoreGraphics.framework */ = {isa = PBXFileReference; lastKnownFileType = wrapper.framework; name = CoreGraphics.framework; path = System/Library/Frameworks/CoreGraphics.framework; sourceTree = SDKROOT; };
		DAE4947F14C06A3700BCA6F1 /* ABGetMe-Info.plist */ = {isa = PBXFileReference; lastKnownFileType = text.plist.xml; path = "ABGetMe-Info.plist"; sourceTree = "<group>"; };
		DAE4948014C06A3700BCA6F1 /* main.m */ = {isa = PBXFileReference; lastKnownFileType = sourcecode.c.objc; path = main.m; sourceTree = "<group>"; };
		DAE4948214C06A3700BCA6F1 /* ABGetMe-Prefix.pch */ = {isa = PBXFileReference; lastKnownFileType = sourcecode.c.h; path = "ABGetMe-Prefix.pch"; sourceTree = "<group>"; };
		DAE4948314C06A3700BCA6F1 /* AppDelegate.h */ = {isa = PBXFileReference; lastKnownFileType = sourcecode.c.h; path = AppDelegate.h; sourceTree = "<group>"; };
		DAE4948414C06A3700BCA6F1 /* AppDelegate.m */ = {isa = PBXFileReference; lastKnownFileType = sourcecode.c.objc; path = AppDelegate.m; sourceTree = "<group>"; };
		DAE4948614C06A3700BCA6F1 /* DemoViewController.h */ = {isa = PBXFileReference; lastKnownFileType = sourcecode.c.h; path = DemoViewController.h; sourceTree = "<group>"; };
		DAE4948714C06A3700BCA6F1 /* DemoViewController.m */ = {isa = PBXFileReference; lastKnownFileType = sourcecode.c.objc; path = DemoViewController.m; sourceTree = "<group>"; };
/* End PBXFileReference section */

/* Begin PBXFrameworksBuildPhase section */
		DAE4947014C06A3700BCA6F1 /* Frameworks */ = {
			isa = PBXFrameworksBuildPhase;
			buildActionMask = 2147483647;
			files = (
				DAE4947814C06A3700BCA6F1 /* UIKit.framework in Frameworks */,
				DAE4947A14C06A3700BCA6F1 /* Foundation.framework in Frameworks */,
				DAE4947C14C06A3700BCA6F1 /* CoreGraphics.framework in Frameworks */,
				DADD3FD614C06E6A0040CAB5 /* AddressBook.framework in Frameworks */,
				DADD3FD814C06E850040CAB5 /* MessageUI.framework in Frameworks */,
				DADD3FDA14C071BD0040CAB5 /* AddressBookUI.framework in Frameworks */,
			);
			runOnlyForDeploymentPostprocessing = 0;
		};
/* End PBXFrameworksBuildPhase section */

/* Begin PBXGroup section */
		DADD3FD014C06DF00040CAB5 /* ABGetMe */ = {
			isa = PBXGroup;
			children = (
				DADD3FD114C06DF00040CAB5 /* ABGetMe.h */,
				DADD3FD214C06DF00040CAB5 /* ABGetMe.m */,
			);
			path = ABGetMe;
			sourceTree = "<group>";
		};
		DAE4946814C06A3700BCA6F1 = {
			isa = PBXGroup;
			children = (
				DADD3FD014C06DF00040CAB5 /* ABGetMe */,
				DAE4947D14C06A3700BCA6F1 /* Demo */,
				DAE4947614C06A3700BCA6F1 /* Frameworks */,
				DAE4947414C06A3700BCA6F1 /* Products */,
			);
			indentWidth = 4;
			sourceTree = "<group>";
			tabWidth = 4;
			usesTabs = 1;
		};
		DAE4947414C06A3700BCA6F1 /* Products */ = {
			isa = PBXGroup;
			children = (
				DAE4947314C06A3700BCA6F1 /* ABGetMe.app */,
			);
			name = Products;
			sourceTree = "<group>";
		};
		DAE4947614C06A3700BCA6F1 /* Frameworks */ = {
			isa = PBXGroup;
			children = (
				DADD3FD514C06E6A0040CAB5 /* AddressBook.framework */,
				DADD3FD914C071BD0040CAB5 /* AddressBookUI.framework */,
				DAE4947B14C06A3700BCA6F1 /* CoreGraphics.framework */,
				DAE4947914C06A3700BCA6F1 /* Foundation.framework */,
				DADD3FD714C06E850040CAB5 /* MessageUI.framework */,
				DAE4947714C06A3700BCA6F1 /* UIKit.framework */,
			);
			name = Frameworks;
			sourceTree = "<group>";
		};
		DAE4947D14C06A3700BCA6F1 /* Demo */ = {
			isa = PBXGroup;
			children = (
				DAE4948314C06A3700BCA6F1 /* AppDelegate.h */,
				DAE4948414C06A3700BCA6F1 /* AppDelegate.m */,
				DAE4948614C06A3700BCA6F1 /* DemoViewController.h */,
				DAE4948714C06A3700BCA6F1 /* DemoViewController.m */,
				DAC30AA514C06BE300B5A9B6 /* DemoViewController.xib */,
				DAE4947E14C06A3700BCA6F1 /* Supporting Files */,
			);
			path = Demo;
			sourceTree = "<group>";
		};
		DAE4947E14C06A3700BCA6F1 /* Supporting Files */ = {
			isa = PBXGroup;
			children = (
				DAE4947F14C06A3700BCA6F1 /* ABGetMe-Info.plist */,
				DAE4948014C06A3700BCA6F1 /* main.m */,
				DAE4948214C06A3700BCA6F1 /* ABGetMe-Prefix.pch */,
			);
			name = "Supporting Files";
			sourceTree = "<group>";
		};
/* End PBXGroup section */

/* Begin PBXNativeTarget section */
		DAE4947214C06A3700BCA6F1 /* ABGetMe */ = {
			isa = PBXNativeTarget;
			buildConfigurationList = DAE4949114C06A3700BCA6F1 /* Build configuration list for PBXNativeTarget "ABGetMe" */;
			buildPhases = (
				DAE4946F14C06A3700BCA6F1 /* Sources */,
				DAE4947014C06A3700BCA6F1 /* Frameworks */,
				DAE4947114C06A3700BCA6F1 /* Resources */,
			);
			buildRules = (
			);
			dependencies = (
			);
			name = ABGetMe;
			productName = ABGetMe;
			productReference = DAE4947314C06A3700BCA6F1 /* ABGetMe.app */;
			productType = "com.apple.product-type.application";
		};
/* End PBXNativeTarget section */

/* Begin PBXProject section */
		DAE4946A14C06A3700BCA6F1 /* Project object */ = {
			isa = PBXProject;
			attributes = {
				ORGANIZATIONNAME = "Cédric Luthi";
			};
			buildConfigurationList = DAE4946D14C06A3700BCA6F1 /* Build configuration list for PBXProject "ABGetMe" */;
			compatibilityVersion = "Xcode 3.2";
			developmentRegion = English;
			hasScannedForEncodings = 0;
			knownRegions = (
				en,
			);
			mainGroup = DAE4946814C06A3700BCA6F1;
			productRefGroup = DAE4947414C06A3700BCA6F1 /* Products */;
			projectDirPath = "";
			projectRoot = "";
			targets = (
				DAE4947214C06A3700BCA6F1 /* ABGetMe */,
			);
		};
/* End PBXProject section */

/* Begin PBXResourcesBuildPhase section */
		DAE4947114C06A3700BCA6F1 /* Resources */ = {
			isa = PBXResourcesBuildPhase;
			buildActionMask = 2147483647;
			files = (
				DAC30AA414C06BE300B5A9B6 /* DemoViewController.xib in Resources */,
			);
			runOnlyForDeploymentPostprocessing = 0;
		};
/* End PBXResourcesBuildPhase section */

/* Begin PBXSourcesBuildPhase section */
		DAE4946F14C06A3700BCA6F1 /* Sources */ = {
			isa = PBXSourcesBuildPhase;
			buildActionMask = 2147483647;
			files = (
				DAE4948114C06A3700BCA6F1 /* main.m in Sources */,
				DAE4948514C06A3700BCA6F1 /* AppDelegate.m in Sources */,
				DAE4948814C06A3700BCA6F1 /* DemoViewController.m in Sources */,
				DADD3FD314C06DF00040CAB5 /* ABGetMe.m in Sources */,
			);
			runOnlyForDeploymentPostprocessing = 0;
		};
/* End PBXSourcesBuildPhase section */

/* Begin XCBuildConfiguration section */
		DAE4948F14C06A3700BCA6F1 /* Debug */ = {
			isa = XCBuildConfiguration;
			buildSettings = {
				ALWAYS_SEARCH_USER_PATHS = NO;
				ARCHS = (
					armv7,
					armv6,
				);
				"CODE_SIGN_IDENTITY[sdk=iphoneos*]" = "iPhone Developer";
				COPY_PHASE_STRIP = NO;
				GCC_C_LANGUAGE_STANDARD = gnu99;
				GCC_DYNAMIC_NO_PIC = NO;
				GCC_OPTIMIZATION_LEVEL = 0;
				GCC_SYMBOLS_PRIVATE_EXTERN = NO;
				GCC_VERSION = com.apple.compilers.llvm.clang.1_0;
				GCC_WARN_ABOUT_MISSING_PROTOTYPES = YES;
				GCC_WARN_ABOUT_RETURN_TYPE = YES;
				GCC_WARN_UNUSED_VARIABLE = YES;
				IPHONEOS_DEPLOYMENT_TARGET = 4.0;
				SDKROOT = iphoneos;
				TARGETED_DEVICE_FAMILY = "1,2";
			};
			name = Debug;
		};
		DAE4949214C06A3700BCA6F1 /* Debug */ = {
			isa = XCBuildConfiguration;
			buildSettings = {
				GCC_PRECOMPILE_PREFIX_HEADER = YES;
				GCC_PREFIX_HEADER = "Demo/ABGetMe-Prefix.pch";
				INFOPLIST_FILE = "Demo/ABGetMe-Info.plist";
				PRODUCT_NAME = "$(TARGET_NAME)";
			};
			name = Debug;
		};
/* End XCBuildConfiguration section */

/* Begin XCConfigurationList section */
		DAE4946D14C06A3700BCA6F1 /* Build configuration list for PBXProject "ABGetMe" */ = {
			isa = XCConfigurationList;
			buildConfigurations = (
				DAE4948F14C06A3700BCA6F1 /* Debug */,
			);
			defaultConfigurationIsVisible = 0;
			defaultConfigurationName = Debug;
		};
		DAE4949114C06A3700BCA6F1 /* Build configuration list for PBXNativeTarget "ABGetMe" */ = {
			isa = XCConfigurationList;
			buildConfigurations = (
				DAE4949214C06A3700BCA6F1 /* Debug */,
			);
			defaultConfigurationIsVisible = 0;
			defaultConfigurationName = Debug;
		};
/* End XCConfigurationList section */
	};
	rootObject = DAE4946A14C06A3700BCA6F1 /* Project object */;
}
